// !$*UTF8*$!
{
	archiveVersion = 1;
	classes = {
	};
	objectVersion = 55;
	objects = {

/* Begin PBXBuildFile section */
		5F36125928AE9EC40008A79D /* DetalleMovieViewController.swift in Sources */ = {isa = PBXBuildFile; fileRef = 5F36125828AE9EC40008A79D /* DetalleMovieViewController.swift */; };
		5F36125E28AEB8E80008A79D /* ExtensionCollectionViewMovies.swift in Sources */ = {isa = PBXBuildFile; fileRef = 5F36125D28AEB8E80008A79D /* ExtensionCollectionViewMovies.swift */; };
		5F36126128AEBEC40008A79D /* ExtensionFavoritesMoviesController.swift in Sources */ = {isa = PBXBuildFile; fileRef = 5F36126028AEBEC40008A79D /* ExtensionFavoritesMoviesController.swift */; };
		5F74F74828ADB02D0001C7C6 /* FavoritesMoviesController.swift in Sources */ = {isa = PBXBuildFile; fileRef = 5F74F74728ADB02D0001C7C6 /* FavoritesMoviesController.swift */; };
		5F74F74A28ADB0770001C7C6 /* FavoritesCollectionViewCell.swift in Sources */ = {isa = PBXBuildFile; fileRef = 5F74F74928ADB0770001C7C6 /* FavoritesCollectionViewCell.swift */; };
		5F75B7A428AF3F1C002C73C5 /* File.swift in Sources */ = {isa = PBXBuildFile; fileRef = 5F75B7A328AF3F1C002C73C5 /* File.swift */; };
		5FD6980C28AC0DF400965AA0 /* MoviesCollectionViewCell.swift in Sources */ = {isa = PBXBuildFile; fileRef = 5FD6980B28AC0DF400965AA0 /* MoviesCollectionViewCell.swift */; };
		5FD6980E28AC316C00965AA0 /* MoviesViewController.swift in Sources */ = {isa = PBXBuildFile; fileRef = 5FD6980D28AC316C00965AA0 /* MoviesViewController.swift */; };
		5FD6981028AC392C00965AA0 /* LoginViewController.swift in Sources */ = {isa = PBXBuildFile; fileRef = 5FD6980F28AC392C00965AA0 /* LoginViewController.swift */; };
		5FE4D94128ABE3AD004D0D29 /* AppDelegate.swift in Sources */ = {isa = PBXBuildFile; fileRef = 5FE4D94028ABE3AD004D0D29 /* AppDelegate.swift */; };
		5FE4D94328ABE3AD004D0D29 /* SceneDelegate.swift in Sources */ = {isa = PBXBuildFile; fileRef = 5FE4D94228ABE3AD004D0D29 /* SceneDelegate.swift */; };
		5FE4D94828ABE3AD004D0D29 /* Main.storyboard in Resources */ = {isa = PBXBuildFile; fileRef = 5FE4D94628ABE3AD004D0D29 /* Main.storyboard */; };
		5FE4D94A28ABE3AD004D0D29 /* Assets.xcassets in Resources */ = {isa = PBXBuildFile; fileRef = 5FE4D94928ABE3AD004D0D29 /* Assets.xcassets */; };
		5FE4D94D28ABE3AD004D0D29 /* LaunchScreen.storyboard in Resources */ = {isa = PBXBuildFile; fileRef = 5FE4D94B28ABE3AD004D0D29 /* LaunchScreen.storyboard */; };
		5FE4D95728ABFC71004D0D29 /* Movies.swift in Sources */ = {isa = PBXBuildFile; fileRef = 5FE4D95628ABFC71004D0D29 /* Movies.swift */; };
/* End PBXBuildFile section */

/* Begin PBXFileReference section */
		5F36125828AE9EC40008A79D /* DetalleMovieViewController.swift */ = {isa = PBXFileReference; lastKnownFileType = sourcecode.swift; path = DetalleMovieViewController.swift; sourceTree = "<group>"; };
		5F36125D28AEB8E80008A79D /* ExtensionCollectionViewMovies.swift */ = {isa = PBXFileReference; lastKnownFileType = sourcecode.swift; path = ExtensionCollectionViewMovies.swift; sourceTree = "<group>"; };
		5F36126028AEBEC40008A79D /* ExtensionFavoritesMoviesController.swift */ = {isa = PBXFileReference; lastKnownFileType = sourcecode.swift; path = ExtensionFavoritesMoviesController.swift; sourceTree = "<group>"; };
		5F74F74728ADB02D0001C7C6 /* FavoritesMoviesController.swift */ = {isa = PBXFileReference; lastKnownFileType = sourcecode.swift; path = FavoritesMoviesController.swift; sourceTree = "<group>"; };
		5F74F74928ADB0770001C7C6 /* FavoritesCollectionViewCell.swift */ = {isa = PBXFileReference; lastKnownFileType = sourcecode.swift; path = FavoritesCollectionViewCell.swift; sourceTree = "<group>"; };
		5F75B7A328AF3F1C002C73C5 /* File.swift */ = {isa = PBXFileReference; lastKnownFileType = sourcecode.swift; path = File.swift; sourceTree = "<group>"; };
		5FD6980B28AC0DF400965AA0 /* MoviesCollectionViewCell.swift */ = {isa = PBXFileReference; lastKnownFileType = sourcecode.swift; path = MoviesCollectionViewCell.swift; sourceTree = "<group>"; };
		5FD6980D28AC316C00965AA0 /* MoviesViewController.swift */ = {isa = PBXFileReference; lastKnownFileType = sourcecode.swift; path = MoviesViewController.swift; sourceTree = "<group>"; };
		5FD6980F28AC392C00965AA0 /* LoginViewController.swift */ = {isa = PBXFileReference; lastKnownFileType = sourcecode.swift; path = LoginViewController.swift; sourceTree = "<group>"; };
		5FE4D93D28ABE3AD004D0D29 /* LoginMovie.app */ = {isa = PBXFileReference; explicitFileType = wrapper.application; includeInIndex = 0; path = LoginMovie.app; sourceTree = BUILT_PRODUCTS_DIR; };
		5FE4D94028ABE3AD004D0D29 /* AppDelegate.swift */ = {isa = PBXFileReference; lastKnownFileType = sourcecode.swift; path = AppDelegate.swift; sourceTree = "<group>"; };
		5FE4D94228ABE3AD004D0D29 /* SceneDelegate.swift */ = {isa = PBXFileReference; lastKnownFileType = sourcecode.swift; path = SceneDelegate.swift; sourceTree = "<group>"; };
		5FE4D94728ABE3AD004D0D29 /* Base */ = {isa = PBXFileReference; lastKnownFileType = file.storyboard; name = Base; path = Base.lproj/Main.storyboard; sourceTree = "<group>"; };
		5FE4D94928ABE3AD004D0D29 /* Assets.xcassets */ = {isa = PBXFileReference; lastKnownFileType = folder.assetcatalog; path = Assets.xcassets; sourceTree = "<group>"; };
		5FE4D94C28ABE3AD004D0D29 /* Base */ = {isa = PBXFileReference; lastKnownFileType = file.storyboard; name = Base; path = Base.lproj/LaunchScreen.storyboard; sourceTree = "<group>"; };
		5FE4D94E28ABE3AD004D0D29 /* Info.plist */ = {isa = PBXFileReference; lastKnownFileType = text.plist.xml; path = Info.plist; sourceTree = "<group>"; };
		5FE4D95628ABFC71004D0D29 /* Movies.swift */ = {isa = PBXFileReference; lastKnownFileType = sourcecode.swift; path = Movies.swift; sourceTree = "<group>"; };
/* End PBXFileReference section */

/* Begin PBXFrameworksBuildPhase section */
		5FE4D93A28ABE3AD004D0D29 /* Frameworks */ = {
			isa = PBXFrameworksBuildPhase;
			buildActionMask = 2147483647;
			files = (
			);
			runOnlyForDeploymentPostprocessing = 0;
		};
/* End PBXFrameworksBuildPhase section */

/* Begin PBXGroup section */
		5F36125A28AEB0820008A79D /* Extensiones */ = {
			isa = PBXGroup;
			children = (
				5F36125D28AEB8E80008A79D /* ExtensionCollectionViewMovies.swift */,
				5F36126028AEBEC40008A79D /* ExtensionFavoritesMoviesController.swift */,
			);
			path = Extensiones;
			sourceTree = "<group>";
		};
		5F36125F28AEB9ED0008A79D /* View */ = {
			isa = PBXGroup;
			children = (
				5FE4D94628ABE3AD004D0D29 /* Main.storyboard */,
				5FE4D94B28ABE3AD004D0D29 /* LaunchScreen.storyboard */,
			);
			path = View;
			sourceTree = "<group>";
		};
		5F36126228AEC4650008A79D /* Controller */ = {
			isa = PBXGroup;
			children = (
				5FD6980D28AC316C00965AA0 /* MoviesViewController.swift */,
				5F36125828AE9EC40008A79D /* DetalleMovieViewController.swift */,
				5F74F74728ADB02D0001C7C6 /* FavoritesMoviesController.swift */,
				5FD6980F28AC392C00965AA0 /* LoginViewController.swift */,
				5F36126328AEC49F0008A79D /* Cell */,
			);
			path = Controller;
			sourceTree = "<group>";
		};
		5F36126328AEC49F0008A79D /* Cell */ = {
			isa = PBXGroup;
			children = (
				5F74F74928ADB0770001C7C6 /* FavoritesCollectionViewCell.swift */,
				5FD6980B28AC0DF400965AA0 /* MoviesCollectionViewCell.swift */,
			);
			path = Cell;
			sourceTree = "<group>";
		};
		5F74F74528ADAD8F0001C7C6 /* Entity */ = {
			isa = PBXGroup;
			children = (
				5FE4D95628ABFC71004D0D29 /* Movies.swift */,
			);
			path = Entity;
			sourceTree = "<group>";
		};
		5F74F74628ADADCE0001C7C6 /* Config */ = {
			isa = PBXGroup;
			children = (
				5FE4D94028ABE3AD004D0D29 /* AppDelegate.swift */,
				5FE4D94228ABE3AD004D0D29 /* SceneDelegate.swift */,
			);
			path = Config;
			sourceTree = "<group>";
		};
		5F75B7A228AF3EFC002C73C5 /* Recursos */ = {
			isa = PBXGroup;
			children = (
				5F75B7A328AF3F1C002C73C5 /* File.swift */,
			);
			path = Recursos;
			sourceTree = "<group>";
		};
		5FE4D93428ABE3AD004D0D29 = {
			isa = PBXGroup;
			children = (
				5F75B7A228AF3EFC002C73C5 /* Recursos */,
				5FE4D93F28ABE3AD004D0D29 /* LoginMovie */,
				5FE4D93E28ABE3AD004D0D29 /* Products */,
			);
			sourceTree = "<group>";
		};
		5FE4D93E28ABE3AD004D0D29 /* Products */ = {
			isa = PBXGroup;
			children = (
				5FE4D93D28ABE3AD004D0D29 /* LoginMovie.app */,
			);
			name = Products;
			sourceTree = "<group>";
		};
		5FE4D93F28ABE3AD004D0D29 /* LoginMovie */ = {
			isa = PBXGroup;
			children = (
				5F36126228AEC4650008A79D /* Controller */,
				5F36125F28AEB9ED0008A79D /* View */,
				5F36125A28AEB0820008A79D /* Extensiones */,
				5F74F74528ADAD8F0001C7C6 /* Entity */,
				5F74F74628ADADCE0001C7C6 /* Config */,
				5FE4D94928ABE3AD004D0D29 /* Assets.xcassets */,
				5FE4D94E28ABE3AD004D0D29 /* Info.plist */,
			);
			path = LoginMovie;
			sourceTree = "<group>";
		};
/* End PBXGroup section */

/* Begin PBXNativeTarget section */
		5FE4D93C28ABE3AD004D0D29 /* LoginMovie */ = {
			isa = PBXNativeTarget;
			buildConfigurationList = 5FE4D95128ABE3AD004D0D29 /* Build configuration list for PBXNativeTarget "LoginMovie" */;
			buildPhases = (
				5FE4D93928ABE3AD004D0D29 /* Sources */,
				5FE4D93A28ABE3AD004D0D29 /* Frameworks */,
				5FE4D93B28ABE3AD004D0D29 /* Resources */,
			);
			buildRules = (
			);
			dependencies = (
			);
			name = LoginMovie;
			productName = LoginMovie;
			productReference = 5FE4D93D28ABE3AD004D0D29 /* LoginMovie.app */;
			productType = "com.apple.product-type.application";
		};
/* End PBXNativeTarget section */

/* Begin PBXProject section */
		5FE4D93528ABE3AD004D0D29 /* Project object */ = {
			isa = PBXProject;
			attributes = {
				BuildIndependentTargetsInParallel = 1;
				LastSwiftUpdateCheck = 1340;
				LastUpgradeCheck = 1340;
				TargetAttributes = {
					5FE4D93C28ABE3AD004D0D29 = {
						CreatedOnToolsVersion = 13.4.1;
					};
				};
			};
			buildConfigurationList = 5FE4D93828ABE3AD004D0D29 /* Build configuration list for PBXProject "LoginMovie" */;
			compatibilityVersion = "Xcode 13.0";
			developmentRegion = en;
			hasScannedForEncodings = 0;
			knownRegions = (
				en,
				Base,
			);
			mainGroup = 5FE4D93428ABE3AD004D0D29;
			productRefGroup = 5FE4D93E28ABE3AD004D0D29 /* Products */;
			projectDirPath = "";
			projectRoot = "";
			targets = (
				5FE4D93C28ABE3AD004D0D29 /* LoginMovie */,
			);
		};
/* End PBXProject section */

/* Begin PBXResourcesBuildPhase section */
		5FE4D93B28ABE3AD004D0D29 /* Resources */ = {
			isa = PBXResourcesBuildPhase;
			buildActionMask = 2147483647;
			files = (
				5FE4D94D28ABE3AD004D0D29 /* LaunchScreen.storyboard in Resources */,
				5FE4D94A28ABE3AD004D0D29 /* Assets.xcassets in Resources */,
				5FE4D94828ABE3AD004D0D29 /* Main.storyboard in Resources */,
			);
			runOnlyForDeploymentPostprocessing = 0;
		};
/* End PBXResourcesBuildPhase section */

/* Begin PBXSourcesBuildPhase section */
		5FE4D93928ABE3AD004D0D29 /* Sources */ = {
			isa = PBXSourcesBuildPhase;
			buildActionMask = 2147483647;
			files = (
				5FD6981028AC392C00965AA0 /* LoginViewController.swift in Sources */,
				5FE4D95728ABFC71004D0D29 /* Movies.swift in Sources */,
				5F36125928AE9EC40008A79D /* DetalleMovieViewController.swift in Sources */,
				5F74F74A28ADB0770001C7C6 /* FavoritesCollectionViewCell.swift in Sources */,
				5F36125E28AEB8E80008A79D /* ExtensionCollectionViewMovies.swift in Sources */,
				5F74F74828ADB02D0001C7C6 /* FavoritesMoviesController.swift in Sources */,
				5FD6980C28AC0DF400965AA0 /* MoviesCollectionViewCell.swift in Sources */,
				5F36126128AEBEC40008A79D /* ExtensionFavoritesMoviesController.swift in Sources */,
				5FE4D94128ABE3AD004D0D29 /* AppDelegate.swift in Sources */,
				5F75B7A428AF3F1C002C73C5 /* File.swift in Sources */,
				5FD6980E28AC316C00965AA0 /* MoviesViewController.swift in Sources */,
				5FE4D94328ABE3AD004D0D29 /* SceneDelegate.swift in Sources */,
			);
			runOnlyForDeploymentPostprocessing = 0;
		};
/* End PBXSourcesBuildPhase section */

/* Begin PBXVariantGroup section */
		5FE4D94628ABE3AD004D0D29 /* Main.storyboard */ = {
			isa = PBXVariantGroup;
			children = (
				5FE4D94728ABE3AD004D0D29 /* Base */,
			);
			name = Main.storyboard;
			sourceTree = "<group>";
		};
		5FE4D94B28ABE3AD004D0D29 /* LaunchScreen.storyboard */ = {
			isa = PBXVariantGroup;
			children = (
				5FE4D94C28ABE3AD004D0D29 /* Base */,
			);
			name = LaunchScreen.storyboard;
			sourceTree = "<group>";
		};
/* End PBXVariantGroup section */

/* Begin XCBuildConfiguration section */
		5FE4D94F28ABE3AD004D0D29 /* Debug */ = {
			isa = XCBuildConfiguration;
			buildSettings = {
				ALWAYS_SEARCH_USER_PATHS = NO;
				CLANG_ANALYZER_NONNULL = YES;
				CLANG_ANALYZER_NUMBER_OBJECT_CONVERSION = YES_AGGRESSIVE;
				CLANG_CXX_LANGUAGE_STANDARD = "gnu++17";
				CLANG_ENABLE_MODULES = YES;
				CLANG_ENABLE_OBJC_ARC = YES;
				CLANG_ENABLE_OBJC_WEAK = YES;
				CLANG_WARN_BLOCK_CAPTURE_AUTORELEASING = YES;
				CLANG_WARN_BOOL_CONVERSION = YES;
				CLANG_WARN_COMMA = YES;
				CLANG_WARN_CONSTANT_CONVERSION = YES;
				CLANG_WARN_DEPRECATED_OBJC_IMPLEMENTATIONS = YES;
				CLANG_WARN_DIRECT_OBJC_ISA_USAGE = YES_ERROR;
				CLANG_WARN_DOCUMENTATION_COMMENTS = YES;
				CLANG_WARN_EMPTY_BODY = YES;
				CLANG_WARN_ENUM_CONVERSION = YES;
				CLANG_WARN_INFINITE_RECURSION = YES;
				CLANG_WARN_INT_CONVERSION = YES;
				CLANG_WARN_NON_LITERAL_NULL_CONVERSION = YES;
				CLANG_WARN_OBJC_IMPLICIT_RETAIN_SELF = YES;
				CLANG_WARN_OBJC_LITERAL_CONVERSION = YES;
				CLANG_WARN_OBJC_ROOT_CLASS = YES_ERROR;
				CLANG_WARN_QUOTED_INCLUDE_IN_FRAMEWORK_HEADER = YES;
				CLANG_WARN_RANGE_LOOP_ANALYSIS = YES;
				CLANG_WARN_STRICT_PROTOTYPES = YES;
				CLANG_WARN_SUSPICIOUS_MOVE = YES;
				CLANG_WARN_UNGUARDED_AVAILABILITY = YES_AGGRESSIVE;
				CLANG_WARN_UNREACHABLE_CODE = YES;
				CLANG_WARN__DUPLICATE_METHOD_MATCH = YES;
				COPY_PHASE_STRIP = NO;
				DEBUG_INFORMATION_FORMAT = dwarf;
				ENABLE_STRICT_OBJC_MSGSEND = YES;
				ENABLE_TESTABILITY = YES;
				GCC_C_LANGUAGE_STANDARD = gnu11;
				GCC_DYNAMIC_NO_PIC = NO;
				GCC_NO_COMMON_BLOCKS = YES;
				GCC_OPTIMIZATION_LEVEL = 0;
				GCC_PREPROCESSOR_DEFINITIONS = (
					"DEBUG=1",
					"$(inherited)",
				);
				GCC_WARN_64_TO_32_BIT_CONVERSION = YES;
				GCC_WARN_ABOUT_RETURN_TYPE = YES_ERROR;
				GCC_WARN_UNDECLARED_SELECTOR = YES;
				GCC_WARN_UNINITIALIZED_AUTOS = YES_AGGRESSIVE;
				GCC_WARN_UNUSED_FUNCTION = YES;
				GCC_WARN_UNUSED_VARIABLE = YES;
				IPHONEOS_DEPLOYMENT_TARGET = 15.5;
				MTL_ENABLE_DEBUG_INFO = INCLUDE_SOURCE;
				MTL_FAST_MATH = YES;
				ONLY_ACTIVE_ARCH = YES;
				SDKROOT = iphoneos;
				SWIFT_ACTIVE_COMPILATION_CONDITIONS = DEBUG;
				SWIFT_OPTIMIZATION_LEVEL = "-Onone";
			};
			name = Debug;
		};
		5FE4D95028ABE3AD004D0D29 /* Release */ = {
			isa = XCBuildConfiguration;
			buildSettings = {
				ALWAYS_SEARCH_USER_PATHS = NO;
				CLANG_ANALYZER_NONNULL = YES;
				CLANG_ANALYZER_NUMBER_OBJECT_CONVERSION = YES_AGGRESSIVE;
				CLANG_CXX_LANGUAGE_STANDARD = "gnu++17";
				CLANG_ENABLE_MODULES = YES;
				CLANG_ENABLE_OBJC_ARC = YES;
				CLANG_ENABLE_OBJC_WEAK = YES;
				CLANG_WARN_BLOCK_CAPTURE_AUTORELEASING = YES;
				CLANG_WARN_BOOL_CONVERSION = YES;
				CLANG_WARN_COMMA = YES;
				CLANG_WARN_CONSTANT_CONVERSION = YES;
				CLANG_WARN_DEPRECATED_OBJC_IMPLEMENTATIONS = YES;
				CLANG_WARN_DIRECT_OBJC_ISA_USAGE = YES_ERROR;
				CLANG_WARN_DOCUMENTATION_COMMENTS = YES;
				CLANG_WARN_EMPTY_BODY = YES;
				CLANG_WARN_ENUM_CONVERSION = YES;
				CLANG_WARN_INFINITE_RECURSION = YES;
				CLANG_WARN_INT_CONVERSION = YES;
				CLANG_WARN_NON_LITERAL_NULL_CONVERSION = YES;
				CLANG_WARN_OBJC_IMPLICIT_RETAIN_SELF = YES;
				CLANG_WARN_OBJC_LITERAL_CONVERSION = YES;
				CLANG_WARN_OBJC_ROOT_CLASS = YES_ERROR;
				CLANG_WARN_QUOTED_INCLUDE_IN_FRAMEWORK_HEADER = YES;
				CLANG_WARN_RANGE_LOOP_ANALYSIS = YES;
				CLANG_WARN_STRICT_PROTOTYPES = YES;
				CLANG_WARN_SUSPICIOUS_MOVE = YES;
				CLANG_WARN_UNGUARDED_AVAILABILITY = YES_AGGRESSIVE;
				CLANG_WARN_UNREACHABLE_CODE = YES;
				CLANG_WARN__DUPLICATE_METHOD_MATCH = YES;
				COPY_PHASE_STRIP = NO;
				DEBUG_INFORMATION_FORMAT = "dwarf-with-dsym";
				ENABLE_NS_ASSERTIONS = NO;
				ENABLE_STRICT_OBJC_MSGSEND = YES;
				GCC_C_LANGUAGE_STANDARD = gnu11;
				GCC_NO_COMMON_BLOCKS = YES;
				GCC_WARN_64_TO_32_BIT_CONVERSION = YES;
				GCC_WARN_ABOUT_RETURN_TYPE = YES_ERROR;
				GCC_WARN_UNDECLARED_SELECTOR = YES;
				GCC_WARN_UNINITIALIZED_AUTOS = YES_AGGRESSIVE;
				GCC_WARN_UNUSED_FUNCTION = YES;
				GCC_WARN_UNUSED_VARIABLE = YES;
				IPHONEOS_DEPLOYMENT_TARGET = 15.5;
				MTL_ENABLE_DEBUG_INFO = NO;
				MTL_FAST_MATH = YES;
				SDKROOT = iphoneos;
				SWIFT_COMPILATION_MODE = wholemodule;
				SWIFT_OPTIMIZATION_LEVEL = "-O";
				VALIDATE_PRODUCT = YES;
			};
			name = Release;
		};
		5FE4D95228ABE3AD004D0D29 /* Debug */ = {
			isa = XCBuildConfiguration;
			buildSettings = {
				ASSETCATALOG_COMPILER_APPICON_NAME = AppIcon;
				ASSETCATALOG_COMPILER_GLOBAL_ACCENT_COLOR_NAME = AccentColor;
				CODE_SIGN_STYLE = Automatic;
				CURRENT_PROJECT_VERSION = 1;
				GENERATE_INFOPLIST_FILE = YES;
				INFOPLIST_FILE = LoginMovie/Info.plist;
				INFOPLIST_KEY_UIApplicationSupportsIndirectInputEvents = YES;
				INFOPLIST_KEY_UILaunchStoryboardName = LaunchScreen;
				INFOPLIST_KEY_UIMainStoryboardFile = Main;
				INFOPLIST_KEY_UISupportedInterfaceOrientations_iPad = "UIInterfaceOrientationPortrait UIInterfaceOrientationPortraitUpsideDown UIInterfaceOrientationLandscapeLeft UIInterfaceOrientationLandscapeRight";
				INFOPLIST_KEY_UISupportedInterfaceOrientations_iPhone = "UIInterfaceOrientationPortrait UIInterfaceOrientationLandscapeLeft UIInterfaceOrientationLandscapeRight";
				LD_RUNPATH_SEARCH_PATHS = (
					"$(inherited)",
					"@executable_path/Frameworks",
				);
				MARKETING_VERSION = 1.0;
				PRODUCT_BUNDLE_IDENTIFIER = test.LoginMovie;
				PRODUCT_NAME = "$(TARGET_NAME)";
				SWIFT_EMIT_LOC_STRINGS = YES;
				SWIFT_VERSION = 5.0;
				TARGETED_DEVICE_FAMILY = "1,2";
			};
			name = Debug;
		};
		5FE4D95328ABE3AD004D0D29 /* Release */ = {
			isa = XCBuildConfiguration;
			buildSettings = {
				ASSETCATALOG_COMPILER_APPICON_NAME = AppIcon;
				ASSETCATALOG_COMPILER_GLOBAL_ACCENT_COLOR_NAME = AccentColor;
				CODE_SIGN_STYLE = Automatic;
				CURRENT_PROJECT_VERSION = 1;
				GENERATE_INFOPLIST_FILE = YES;
				INFOPLIST_FILE = LoginMovie/Info.plist;
				INFOPLIST_KEY_UIApplicationSupportsIndirectInputEvents = YES;
				INFOPLIST_KEY_UILaunchStoryboardName = LaunchScreen;
				INFOPLIST_KEY_UIMainStoryboardFile = Main;
				INFOPLIST_KEY_UISupportedInterfaceOrientations_iPad = "UIInterfaceOrientationPortrait UIInterfaceOrientationPortraitUpsideDown UIInterfaceOrientationLandscapeLeft UIInterfaceOrientationLandscapeRight";
				INFOPLIST_KEY_UISupportedInterfaceOrientations_iPhone = "UIInterfaceOrientationPortrait UIInterfaceOrientationLandscapeLeft UIInterfaceOrientationLandscapeRight";
				LD_RUNPATH_SEARCH_PATHS = (
					"$(inherited)",
					"@executable_path/Frameworks",
				);
				MARKETING_VERSION = 1.0;
				PRODUCT_BUNDLE_IDENTIFIER = test.LoginMovie;
				PRODUCT_NAME = "$(TARGET_NAME)";
				SWIFT_EMIT_LOC_STRINGS = YES;
				SWIFT_VERSION = 5.0;
				TARGETED_DEVICE_FAMILY = "1,2";
			};
			name = Release;
		};
/* End XCBuildConfiguration section */

/* Begin XCConfigurationList section */
		5FE4D93828ABE3AD004D0D29 /* Build configuration list for PBXProject "LoginMovie" */ = {
			isa = XCConfigurationList;
			buildConfigurations = (
				5FE4D94F28ABE3AD004D0D29 /* Debug */,
				5FE4D95028ABE3AD004D0D29 /* Release */,
			);
			defaultConfigurationIsVisible = 0;
			defaultConfigurationName = Release;
		};
		5FE4D95128ABE3AD004D0D29 /* Build configuration list for PBXNativeTarget "LoginMovie" */ = {
			isa = XCConfigurationList;
			buildConfigurations = (
				5FE4D95228ABE3AD004D0D29 /* Debug */,
				5FE4D95328ABE3AD004D0D29 /* Release */,
			);
			defaultConfigurationIsVisible = 0;
			defaultConfigurationName = Release;
		};
/* End XCConfigurationList section */
	};
	rootObject = 5FE4D93528ABE3AD004D0D29 /* Project object */;
}
